
Microsoft Visual Studio Solution File, Format Version 12.00
# Visual Studio 15
VisualStudioVersion = 15.0.28307.136
MinimumVisualStudioVersion = 10.0.40219.1
Project("{FAE04EC0-301F-11D3-BF4B-00C04F79EFBC}") = "chaos_card_maker", "chaos_card_maker\chaos_card_maker.csproj", "{A6BD24A5-812F-4DC8-8238-65E6169A6B62}"
EndProject
Global
	GlobalSection(SolutionConfigurationPlatforms) = preSolution
		Debug|Any CPU = Debug|Any CPU
		Release|Any CPU = Release|Any CPU
	EndGlobalSection
	GlobalSection(ProjectConfigurationPlatforms) = postSolution
		{A6BD24A5-812F-4DC8-8238-65E6169A6B62}.Debug|Any CPU.ActiveCfg = Debug|Any CPU
		{A6BD24A5-812F-4DC8-8238-65E6169A6B62}.Debug|Any CPU.Build.0 = Debug|Any CPU
		{A6BD24A5-812F-4DC8-8238-65E6169A6B62}.Release|Any CPU.ActiveCfg = Release|Any CPU
		{A6BD24A5-812F-4DC8-8238-65E6169A6B62}.Release|Any CPU.Build.0 = Release|Any CPU
	EndGlobalSection
	GlobalSection(SolutionProperties) = preSolution
		HideSolutionNode = FALSE
	EndGlobalSection
	GlobalSection(ExtensibilityGlobals) = postSolution
		SolutionGuid = {0E536EA3-0EC4-4942-A64D-706BB0A3EF8E}
	EndGlobalSection
EndGlobal
